// !$*UTF8*$!
{
	archiveVersion = 1;
	classes = {
	};
	objectVersion = 46;
	objects = {

/* Begin PBXBuildFile section */
		7A9ADD6B1C320E5700EB8F4C /* main.m in Sources */ = {isa = PBXBuildFile; fileRef = 7A9ADD6A1C320E5700EB8F4C /* main.m */; };
		7A9ADD6E1C320E5700EB8F4C /* AppDelegate.m in Sources */ = {isa = PBXBuildFile; fileRef = 7A9ADD6D1C320E5700EB8F4C /* AppDelegate.m */; };
		7A9ADD711C320E5700EB8F4C /* ViewController.m in Sources */ = {isa = PBXBuildFile; fileRef = 7A9ADD701C320E5700EB8F4C /* ViewController.m */; };
		7A9ADD741C320E5700EB8F4C /* Main.storyboard in Resources */ = {isa = PBXBuildFile; fileRef = 7A9ADD721C320E5700EB8F4C /* Main.storyboard */; };
		7A9ADD761C320E5700EB8F4C /* Assets.xcassets in Resources */ = {isa = PBXBuildFile; fileRef = 7A9ADD751C320E5700EB8F4C /* Assets.xcassets */; };
		7A9ADD791C320E5700EB8F4C /* LaunchScreen.storyboard in Resources */ = {isa = PBXBuildFile; fileRef = 7A9ADD771C320E5700EB8F4C /* LaunchScreen.storyboard */; };
/* End PBXBuildFile section */

/* Begin PBXFileReference section */
		7A9ADD661C320E5700EB8F4C /* lllllllll.app */ = {isa = PBXFileReference; explicitFileType = wrapper.application; includeInIndex = 0; path = lllllllll.app; sourceTree = BUILT_PRODUCTS_DIR; };
		7A9ADD6A1C320E5700EB8F4C /* main.m */ = {isa = PBXFileReference; lastKnownFileType = sourcecode.c.objc; path = main.m; sourceTree = "<group>"; };
		7A9ADD6C1C320E5700EB8F4C /* AppDelegate.h */ = {isa = PBXFileReference; lastKnownFileType = sourcecode.c.h; path = AppDelegate.h; sourceTree = "<group>"; };
		7A9ADD6D1C320E5700EB8F4C /* AppDelegate.m */ = {isa = PBXFileReference; lastKnownFileType = sourcecode.c.objc; path = AppDelegate.m; sourceTree = "<group>"; };
		7A9ADD6F1C320E5700EB8F4C /* ViewController.h */ = {isa = PBXFileReference; lastKnownFileType = sourcecode.c.h; path = ViewController.h; sourceTree = "<group>"; };
		7A9ADD701C320E5700EB8F4C /* ViewController.m */ = {isa = PBXFileReference; lastKnownFileType = sourcecode.c.objc; path = ViewController.m; sourceTree = "<group>"; };
		7A9ADD731C320E5700EB8F4C /* Base */ = {isa = PBXFileReference; lastKnownFileType = file.storyboard; name = Base; path = Base.lproj/Main.storyboard; sourceTree = "<group>"; };
		7A9ADD751C320E5700EB8F4C /* Assets.xcassets */ = {isa = PBXFileReference; lastKnownFileType = folder.assetcatalog; path = Assets.xcassets; sourceTree = "<group>"; };
		7A9ADD781C320E5700EB8F4C /* Base */ = {isa = PBXFileReference; lastKnownFileType = file.storyboard; name = Base; path = Base.lproj/LaunchScreen.storyboard; sourceTree = "<group>"; };
		7A9ADD7A1C320E5700EB8F4C /* Info.plist */ = {isa = PBXFileReference; lastKnownFileType = text.plist.xml; path = Info.plist; sourceTree = "<group>"; };
/* End PBXFileReference section */

/* Begin PBXFrameworksBuildPhase section */
		7A9ADD631C320E5700EB8F4C /* Frameworks */ = {
			isa = PBXFrameworksBuildPhase;
			buildActionMask = 2147483647;
			files = (
			);
			runOnlyForDeploymentPostprocessing = 0;
		};
/* End PBXFrameworksBuildPhase section */

/* Begin PBXGroup section */
		7A9ADD5D1C320E5700EB8F4C = {
			isa = PBXGroup;
			children = (
				7A9ADD681C320E5700EB8F4C /* lllllllll */,
				7A9ADD671C320E5700EB8F4C /* Products */,
			);
			sourceTree = "<group>";
		};
		7A9ADD671C320E5700EB8F4C /* Products */ = {
			isa = PBXGroup;
			children = (
				7A9ADD661C320E5700EB8F4C /* lllllllll.app */,
			);
			name = Products;
			sourceTree = "<group>";
		};
		7A9ADD681C320E5700EB8F4C /* lllllllll */ = {
			isa = PBXGroup;
			children = (
				7A9ADD6C1C320E5700EB8F4C /* AppDelegate.h */,
				7A9ADD6D1C320E5700EB8F4C /* AppDelegate.m */,
				7A9ADD6F1C320E5700EB8F4C /* ViewController.h */,
				7A9ADD701C320E5700EB8F4C /* ViewController.m */,
				7A9ADD721C320E5700EB8F4C /* Main.storyboard */,
				7A9ADD751C320E5700EB8F4C /* Assets.xcassets */,
				7A9ADD771C320E5700EB8F4C /* LaunchScreen.storyboard */,
				7A9ADD7A1C320E5700EB8F4C /* Info.plist */,
				7A9ADD691C320E5700EB8F4C /* Supporting Files */,
			);
			path = lllllllll;
			sourceTree = "<group>";
		};
		7A9ADD691C320E5700EB8F4C /* Supporting Files */ = {
			isa = PBXGroup;
			children = (
				7A9ADD6A1C320E5700EB8F4C /* main.m */,
			);
			name = "Supporting Files";
			sourceTree = "<group>";
		};
/* End PBXGroup section */

/* Begin PBXNativeTarget section */
		7A9ADD651C320E5700EB8F4C /* lllllllll */ = {
			isa = PBXNativeTarget;
			buildConfigurationList = 7A9ADD7D1C320E5700EB8F4C /* Build configuration list for PBXNativeTarget "lllllllll" */;
			buildPhases = (
				7A9ADD621C320E5700EB8F4C /* Sources */,
				7A9ADD631C320E5700EB8F4C /* Frameworks */,
				7A9ADD641C320E5700EB8F4C /* Resources */,
			);
			buildRules = (
			);
			dependencies = (
			);
			name = lllllllll;
			productName = lllllllll;
			productReference = 7A9ADD661C320E5700EB8F4C /* lllllllll.app */;
			productType = "com.apple.product-type.application";
		};
/* End PBXNativeTarget section */

/* Begin PBXProject section */
		7A9ADD5E1C320E5700EB8F4C /* Project object */ = {
			isa = PBXProject;
			attributes = {
				LastUpgradeCheck = 0720;
				ORGANIZATIONNAME = SCJY;
				TargetAttributes = {
					7A9ADD651C320E5700EB8F4C = {
						CreatedOnToolsVersion = 7.2;
					};
				};
			};
			buildConfigurationList = 7A9ADD611C320E5700EB8F4C /* Build configuration list for PBXProject "lllllllll" */;
			compatibilityVersion = "Xcode 3.2";
			developmentRegion = English;
			hasScannedForEncodings = 0;
			knownRegions = (
				en,
				Base,
			);
			mainGroup = 7A9ADD5D1C320E5700EB8F4C;
			productRefGroup = 7A9ADD671C320E5700EB8F4C /* Products */;
			projectDirPath = "";
			projectRoot = "";
			targets = (
				7A9ADD651C320E5700EB8F4C /* lllllllll */,
			);
		};
/* End PBXProject section */

/* Begin PBXResourcesBuildPhase section */
		7A9ADD641C320E5700EB8F4C /* Resources */ = {
			isa = PBXResourcesBuildPhase;
			buildActionMask = 2147483647;
			files = (
				7A9ADD791C320E5700EB8F4C /* LaunchScreen.storyboard in Resources */,
				7A9ADD761C320E5700EB8F4C /* Assets.xcassets in Resources */,
				7A9ADD741C320E5700EB8F4C /* Main.storyboard in Resources */,
			);
			runOnlyForDeploymentPostprocessing = 0;
		};
/* End PBXResourcesBuildPhase section */

/* Begin PBXSourcesBuildPhase section */
		7A9ADD621C320E5700EB8F4C /* Sources */ = {
			isa = PBXSourcesBuildPhase;
			buildActionMask = 2147483647;
			files = (
				7A9ADD711C320E5700EB8F4C /* ViewController.m in Sources */,
				7A9ADD6E1C320E5700EB8F4C /* AppDelegate.m in Sources */,
				7A9ADD6B1C320E5700EB8F4C /* main.m in Sources */,
			);
			runOnlyForDeploymentPostprocessing = 0;
		};
/* End PBXSourcesBuildPhase section */

/* Begin PBXVariantGroup section */
		7A9ADD721C320E5700EB8F4C /* Main.storyboard */ = {
			isa = PBXVariantGroup;
			children = (
				7A9ADD731C320E5700EB8F4C /* Base */,
			);
			name = Main.storyboard;
			sourceTree = "<group>";
		};
		7A9ADD771C320E5700EB8F4C /* LaunchScreen.storyboard */ = {
			isa = PBXVariantGroup;
			children = (
				7A9ADD781C320E5700EB8F4C /* Base */,
			);
			name = LaunchScreen.storyboard;
			sourceTree = "<group>";
		};
/* End PBXVariantGroup section */

/* Begin XCBuildConfiguration section */
		7A9ADD7B1C320E5700EB8F4C /* Debug */ = {
			isa = XCBuildConfiguration;
			buildSettings = {
				ALWAYS_SEARCH_USER_PATHS = NO;
				CLANG_CXX_LANGUAGE_STANDARD = "gnu++0x";
				CLANG_CXX_LIBRARY = "libc++";
				CLANG_ENABLE_MODULES = YES;
				CLANG_ENABLE_OBJC_ARC = YES;
				CLANG_WARN_BOOL_CONVERSION = YES;
				CLANG_WARN_CONSTANT_CONVERSION = YES;
				CLANG_WARN_DIRECT_OBJC_ISA_USAGE = YES_ERROR;
				CLANG_WARN_EMPTY_BODY = YES;
				CLANG_WARN_ENUM_CONVERSION = YES;
				CLANG_WARN_INT_CONVERSION = YES;
				CLANG_WARN_OBJC_ROOT_CLASS = YES_ERROR;
				CLANG_WARN_UNREACHABLE_CODE = YES;
				CLANG_WARN__DUPLICATE_METHOD_MATCH = YES;
				"CODE_SIGN_IDENTITY[sdk=iphoneos*]" = "iPhone Developer";
				COPY_PHASE_STRIP = NO;
				DEBUG_INFORMATION_FORMAT = dwarf;
				ENABLE_STRICT_OBJC_MSGSEND = YES;
				ENABLE_TESTABILITY = YES;
				GCC_C_LANGUAGE_STANDARD = gnu99;
				GCC_DYNAMIC_NO_PIC = NO;
				GCC_NO_COMMON_BLOCKS = YES;
				GCC_OPTIMIZATION_LEVEL = 0;
				GCC_PREPROCESSOR_DEFINITIONS = (
					"DEBUG=1",
					"$(inherited)",
				);
				GCC_WARN_64_TO_32_BIT_CONVERSION = YES;
				GCC_WARN_ABOUT_RETURN_TYPE = YES_ERROR;
				GCC_WARN_UNDECLARED_SELECTOR = YES;
				GCC_WARN_UNINITIALIZED_AUTOS = YES_AGGRESSIVE;
				GCC_WARN_UNUSED_FUNCTION = YES;
				GCC_WARN_UNUSED_VARIABLE = YES;
				IPHONEOS_DEPLOYMENT_TARGET = 9.2;
				MTL_ENABLE_DEBUG_INFO = YES;
				ONLY_ACTIVE_ARCH = YES;
				SDKROOT = iphoneos;
			};
			name = Debug;
		};
		7A9ADD7C1C320E5700EB8F4C /* Release */ = {
			isa = XCBuildConfiguration;
			buildSettings = {
				ALWAYS_SEARCH_USER_PATHS = NO;
				CLANG_CXX_LANGUAGE_STANDARD = "gnu++0x";
				CLANG_CXX_LIBRARY = "libc++";
				CLANG_ENABLE_MODULES = YES;
				CLANG_ENABLE_OBJC_ARC = YES;
				CLANG_WARN_BOOL_CONVERSION = YES;
				CLANG_WARN_CONSTANT_CONVERSION = YES;
				CLANG_WARN_DIRECT_OBJC_ISA_USAGE = YES_ERROR;
				CLANG_WARN_EMPTY_BODY = YES;
				CLANG_WARN_ENUM_CONVERSION = YES;
				CLANG_WARN_INT_CONVERSION = YES;
				CLANG_WARN_OBJC_ROOT_CLASS = YES_ERROR;
				CLANG_WARN_UNREACHABLE_CODE = YES;
				CLANG_WARN__DUPLICATE_METHOD_MATCH = YES;
				"CODE_SIGN_IDENTITY[sdk=iphoneos*]" = "iPhone Developer";
				COPY_PHASE_STRIP = NO;
				DEBUG_INFORMATION_FORMAT = "dwarf-with-dsym";
				ENABLE_NS_ASSERTIONS = NO;
				ENABLE_STRICT_OBJC_MSGSEND = YES;
				GCC_C_LANGUAGE_STANDARD = gnu99;
				GCC_NO_COMMON_BLOCKS = YES;
				GCC_WARN_64_TO_32_BIT_CONVERSION = YES;
				GCC_WARN_ABOUT_RETURN_TYPE = YES_ERROR;
				GCC_WARN_UNDECLARED_SELECTOR = YES;
				GCC_WARN_UNINITIALIZED_AUTOS = YES_AGGRESSIVE;
				GCC_WARN_UNUSED_FUNCTION = YES;
				GCC_WARN_UNUSED_VARIABLE = YES;
				IPHONEOS_DEPLOYMENT_TARGET = 9.2;
				MTL_ENABLE_DEBUG_INFO = NO;
				SDKROOT = iphoneos;
				VALIDATE_PRODUCT = YES;
			};
			name = Release;
		};
		7A9ADD7E1C320E5700EB8F4C /* Debug */ = {
			isa = XCBuildConfiguration;
			buildSettings = {
				ASSETCATALOG_COMPILER_APPICON_NAME = AppIcon;
				INFOPLIST_FILE = lllllllll/Info.plist;
				LD_RUNPATH_SEARCH_PATHS = "$(inherited) @executable_path/Frameworks";
				PRODUCT_BUNDLE_IDENTIFIER = wang.lllllllll;
				PRODUCT_NAME = "$(TARGET_NAME)";
			};
			name = Debug;
		};
		7A9ADD7F1C320E5700EB8F4C /* Release */ = {
			isa = XCBuildConfiguration;
			buildSettings = {
				ASSETCATALOG_COMPILER_APPICON_NAME = AppIcon;
				INFOPLIST_FILE = lllllllll/Info.plist;
				LD_RUNPATH_SEARCH_PATHS = "$(inherited) @executable_path/Frameworks";
				PRODUCT_BUNDLE_IDENTIFIER = wang.lllllllll;
				PRODUCT_NAME = "$(TARGET_NAME)";
			};
			name = Release;
		};
/* End XCBuildConfiguration section */

/* Begin XCConfigurationList section */
		7A9ADD611C320E5700EB8F4C /* Build configuration list for PBXProject "lllllllll" */ = {
			isa = XCConfigurationList;
			buildConfigurations = (
				7A9ADD7B1C320E5700EB8F4C /* Debug */,
				7A9ADD7C1C320E5700EB8F4C /* Release */,
			);
			defaultConfigurationIsVisible = 0;
			defaultConfigurationName = Release;
		};
		7A9ADD7D1C320E5700EB8F4C /* Build configuration list for PBXNativeTarget "lllllllll" */ = {
			isa = XCConfigurationList;
			buildConfigurations = (
				7A9ADD7E1C320E5700EB8F4C /* Debug */,
				7A9ADD7F1C320E5700EB8F4C /* Release */,
			);
			defaultConfigurationIsVisible = 0;
		};
/* End XCConfigurationList section */
	};
	rootObject = 7A9ADD5E1C320E5700EB8F4C /* Project object */;
}
